// !$*UTF8*$!
{
	archiveVersion = 1;
	classes = {
	};
	objectVersion = 63;
	objects = {

/* Begin PBXBuildFile section */
		46102F572C5B666900CFA20F /* DatabaseManager.swift in Sources */ = {isa = PBXBuildFile; fileRef = 46102F562C5B666900CFA20F /* DatabaseManager.swift */; };
		4663700E2C58F47100DC10D9 /* CityViewController.swift in Sources */ = {isa = PBXBuildFile; fileRef = 4663700D2C58F47100DC10D9 /* CityViewController.swift */; };
		466370102C58FC6F00DC10D9 /* WeatherMapper.swift in Sources */ = {isa = PBXBuildFile; fileRef = 4663700F2C58FC6F00DC10D9 /* WeatherMapper.swift */; };
		466370122C58FC9500DC10D9 /* CityMapper.swift in Sources */ = {isa = PBXBuildFile; fileRef = 466370112C58FC9500DC10D9 /* CityMapper.swift */; };
		4668ED542C55E53600B7FBF1 /* CitySuggestion.swift in Sources */ = {isa = PBXBuildFile; fileRef = 4668ED532C55E53600B7FBF1 /* CitySuggestion.swift */; };
		4668ED562C55E60D00B7FBF1 /* PlaceData.swift in Sources */ = {isa = PBXBuildFile; fileRef = 4668ED552C55E60D00B7FBF1 /* PlaceData.swift */; };
		4668ED582C55E69000B7FBF1 /* CountryData.swift in Sources */ = {isa = PBXBuildFile; fileRef = 4668ED572C55E69000B7FBF1 /* CountryData.swift */; };
		4668ED5A2C55E6D700B7FBF1 /* SearchResponse.swift in Sources */ = {isa = PBXBuildFile; fileRef = 4668ED592C55E6D700B7FBF1 /* SearchResponse.swift */; };
		4668ED5C2C55FE1500B7FBF1 /* WeatherService.swift in Sources */ = {isa = PBXBuildFile; fileRef = 4668ED5B2C55FE1500B7FBF1 /* WeatherService.swift */; };
		4668ED5E2C56067800B7FBF1 /* Constants.swift in Sources */ = {isa = PBXBuildFile; fileRef = 4668ED5D2C56067800B7FBF1 /* Constants.swift */; };
		4668ED602C5606DC00B7FBF1 /* APIKeys.swift in Sources */ = {isa = PBXBuildFile; fileRef = 4668ED5F2C5606DC00B7FBF1 /* APIKeys.swift */; };
		4668ED622C56084300B7FBF1 /* WeatherAPIRouter.swift in Sources */ = {isa = PBXBuildFile; fileRef = 4668ED612C56084300B7FBF1 /* WeatherAPIRouter.swift */; };
		4668ED642C56186500B7FBF1 /* MapboxAPIRouter.swift in Sources */ = {isa = PBXBuildFile; fileRef = 4668ED632C56186500B7FBF1 /* MapboxAPIRouter.swift */; };
		4668ED662C561A2100B7FBF1 /* MapboxQuery.swift in Sources */ = {isa = PBXBuildFile; fileRef = 4668ED652C561A2100B7FBF1 /* MapboxQuery.swift */; };
		4668ED6A2C5623F300B7FBF1 /* WeatherQuery.swift in Sources */ = {isa = PBXBuildFile; fileRef = 4668ED692C5623F300B7FBF1 /* WeatherQuery.swift */; };
		4668ED6D2C56334A00B7FBF1 /* NetworkState.swift in Sources */ = {isa = PBXBuildFile; fileRef = 4668ED6C2C56334A00B7FBF1 /* NetworkState.swift */; };
		4668ED702C56380200B7FBF1 /* NetworkRequestService.swift in Sources */ = {isa = PBXBuildFile; fileRef = 4668ED6F2C56380200B7FBF1 /* NetworkRequestService.swift */; };
		4668ED722C56398D00B7FBF1 /* Parameterizable.swift in Sources */ = {isa = PBXBuildFile; fileRef = 4668ED712C56398D00B7FBF1 /* Parameterizable.swift */; };
		466BCED72C60E79E00FAD105 /* CitySearchViewController.swift in Sources */ = {isa = PBXBuildFile; fileRef = 466BCED62C60E79E00FAD105 /* CitySearchViewController.swift */; };
		466C45432C535A0000777A69 /* AppDelegate.swift in Sources */ = {isa = PBXBuildFile; fileRef = 466C45422C535A0000777A69 /* AppDelegate.swift */; };
		466C45452C535A0000777A69 /* SceneDelegate.swift in Sources */ = {isa = PBXBuildFile; fileRef = 466C45442C535A0000777A69 /* SceneDelegate.swift */; };
		466C45472C535A0000777A69 /* WeatherViewController.swift in Sources */ = {isa = PBXBuildFile; fileRef = 466C45462C535A0000777A69 /* WeatherViewController.swift */; };
		466C454A2C535A0000777A69 /* Base in Resources */ = {isa = PBXBuildFile; fileRef = 466C45492C535A0000777A69 /* Base */; };
		466C454C2C535A0200777A69 /* Assets.xcassets in Resources */ = {isa = PBXBuildFile; fileRef = 466C454B2C535A0200777A69 /* Assets.xcassets */; };
		466C454F2C535A0200777A69 /* Base in Resources */ = {isa = PBXBuildFile; fileRef = 466C454E2C535A0200777A69 /* Base */; };
		466C45582C535AF200777A69 /* Alamofire in Frameworks */ = {isa = PBXBuildFile; productRef = 466C45572C535AF200777A69 /* Alamofire */; };
		466C455B2C535B7700777A69 /* RealmSwift in Frameworks */ = {isa = PBXBuildFile; productRef = 466C455A2C535B7700777A69 /* RealmSwift */; };
		466C456D2C53963000777A69 /* CityItem.swift in Sources */ = {isa = PBXBuildFile; fileRef = 466C456C2C53963000777A69 /* CityItem.swift */; };
		466C456F2C53969F00777A69 /* DailyWeatherItem.swift in Sources */ = {isa = PBXBuildFile; fileRef = 466C456E2C53969F00777A69 /* DailyWeatherItem.swift */; };
		466C45712C53983900777A69 /* HourlyWeatherItem.swift in Sources */ = {isa = PBXBuildFile; fileRef = 466C45702C53983900777A69 /* HourlyWeatherItem.swift */; };
		466C45742C539D8000777A69 /* CityData.swift in Sources */ = {isa = PBXBuildFile; fileRef = 466C45732C539D8000777A69 /* CityData.swift */; };
		466C457A2C53A31700777A69 /* HourlyWeatherData.swift in Sources */ = {isa = PBXBuildFile; fileRef = 466C45792C53A31700777A69 /* HourlyWeatherData.swift */; };
		466C457C2C53A9DB00777A69 /* WeatherCondition.swift in Sources */ = {isa = PBXBuildFile; fileRef = 466C457B2C53A9DB00777A69 /* WeatherCondition.swift */; };
		466C457E2C53AA9100777A69 /* WeatherResponse.swift in Sources */ = {isa = PBXBuildFile; fileRef = 466C457D2C53AA9100777A69 /* WeatherResponse.swift */; };
		466C45802C53AB4800777A69 /* ForecastData.swift in Sources */ = {isa = PBXBuildFile; fileRef = 466C457F2C53AB4800777A69 /* ForecastData.swift */; };
		466C45822C53ABD300777A69 /* DailyForecastData.swift in Sources */ = {isa = PBXBuildFile; fileRef = 466C45812C53ABD300777A69 /* DailyForecastData.swift */; };
		466C45842C53AD3B00777A69 /* DailyWeatherData.swift in Sources */ = {isa = PBXBuildFile; fileRef = 466C45832C53AD3B00777A69 /* DailyWeatherData.swift */; };
		467359BA2C5F24B300A98FF5 /* CityService.swift in Sources */ = {isa = PBXBuildFile; fileRef = 467359B92C5F24B300A98FF5 /* CityService.swift */; };
		467359BD2C5F599C00A98FF5 /* CityItemCell.swift in Sources */ = {isa = PBXBuildFile; fileRef = 467359BB2C5F599C00A98FF5 /* CityItemCell.swift */; };
		467359BE2C5F599C00A98FF5 /* CityItemCell.xib in Resources */ = {isa = PBXBuildFile; fileRef = 467359BC2C5F599C00A98FF5 /* CityItemCell.xib */; };
		467359C12C5F59CB00A98FF5 /* CityPageCell.swift in Sources */ = {isa = PBXBuildFile; fileRef = 467359BF2C5F59CB00A98FF5 /* CityPageCell.swift */; };
		467359C22C5F59CB00A98FF5 /* CityPageCell.xib in Resources */ = {isa = PBXBuildFile; fileRef = 467359C02C5F59CB00A98FF5 /* CityPageCell.xib */; };
		467359D22C5F74A900A98FF5 /* HourlyWeatherCell.swift in Sources */ = {isa = PBXBuildFile; fileRef = 467359D02C5F74A900A98FF5 /* HourlyWeatherCell.swift */; };
		467359D32C5F74A900A98FF5 /* HourlyWeatherCell.xib in Resources */ = {isa = PBXBuildFile; fileRef = 467359D12C5F74A900A98FF5 /* HourlyWeatherCell.xib */; };
		467359D82C5F7CCB00A98FF5 /* DailyWeatherCell.swift in Sources */ = {isa = PBXBuildFile; fileRef = 467359D62C5F7CCB00A98FF5 /* DailyWeatherCell.swift */; };
		467359D92C5F7CCB00A98FF5 /* DailyWeatherCell.xib in Resources */ = {isa = PBXBuildFile; fileRef = 467359D72C5F7CCB00A98FF5 /* DailyWeatherCell.xib */; };
		46737B162C610E9500801AF6 /* CollectionViewTableViewCell.swift in Sources */ = {isa = PBXBuildFile; fileRef = 46737B142C610E9500801AF6 /* CollectionViewTableViewCell.swift */; };
		46737B172C610E9500801AF6 /* CollectionViewTableViewCell.xib in Resources */ = {isa = PBXBuildFile; fileRef = 46737B152C610E9500801AF6 /* CollectionViewTableViewCell.xib */; };
		46737B1A2C61103200801AF6 /* HeaderTableViewCell.swift in Sources */ = {isa = PBXBuildFile; fileRef = 46737B182C61103200801AF6 /* HeaderTableViewCell.swift */; };
		46737B1B2C61103200801AF6 /* HeaderTableViewCell.xib in Resources */ = {isa = PBXBuildFile; fileRef = 46737B192C61103200801AF6 /* HeaderTableViewCell.xib */; };
/* End PBXBuildFile section */

/* Begin PBXFileReference section */
		46102F562C5B666900CFA20F /* DatabaseManager.swift */ = {isa = PBXFileReference; lastKnownFileType = sourcecode.swift; path = DatabaseManager.swift; sourceTree = "<group>"; };
		4663700D2C58F47100DC10D9 /* CityViewController.swift */ = {isa = PBXFileReference; lastKnownFileType = sourcecode.swift; path = CityViewController.swift; sourceTree = "<group>"; };
		4663700F2C58FC6F00DC10D9 /* WeatherMapper.swift */ = {isa = PBXFileReference; lastKnownFileType = sourcecode.swift; path = WeatherMapper.swift; sourceTree = "<group>"; };
		466370112C58FC9500DC10D9 /* CityMapper.swift */ = {isa = PBXFileReference; lastKnownFileType = sourcecode.swift; path = CityMapper.swift; sourceTree = "<group>"; };
		4668ED532C55E53600B7FBF1 /* CitySuggestion.swift */ = {isa = PBXFileReference; lastKnownFileType = sourcecode.swift; path = CitySuggestion.swift; sourceTree = "<group>"; };
		4668ED552C55E60D00B7FBF1 /* PlaceData.swift */ = {isa = PBXFileReference; lastKnownFileType = sourcecode.swift; path = PlaceData.swift; sourceTree = "<group>"; };
		4668ED572C55E69000B7FBF1 /* CountryData.swift */ = {isa = PBXFileReference; lastKnownFileType = sourcecode.swift; path = CountryData.swift; sourceTree = "<group>"; };
		4668ED592C55E6D700B7FBF1 /* SearchResponse.swift */ = {isa = PBXFileReference; lastKnownFileType = sourcecode.swift; path = SearchResponse.swift; sourceTree = "<group>"; };
		4668ED5B2C55FE1500B7FBF1 /* WeatherService.swift */ = {isa = PBXFileReference; lastKnownFileType = sourcecode.swift; path = WeatherService.swift; sourceTree = "<group>"; };
		4668ED5D2C56067800B7FBF1 /* Constants.swift */ = {isa = PBXFileReference; lastKnownFileType = sourcecode.swift; path = Constants.swift; sourceTree = "<group>"; };
		4668ED5F2C5606DC00B7FBF1 /* APIKeys.swift */ = {isa = PBXFileReference; lastKnownFileType = sourcecode.swift; path = APIKeys.swift; sourceTree = "<group>"; };
		4668ED612C56084300B7FBF1 /* WeatherAPIRouter.swift */ = {isa = PBXFileReference; lastKnownFileType = sourcecode.swift; path = WeatherAPIRouter.swift; sourceTree = "<group>"; };
		4668ED632C56186500B7FBF1 /* MapboxAPIRouter.swift */ = {isa = PBXFileReference; lastKnownFileType = sourcecode.swift; path = MapboxAPIRouter.swift; sourceTree = "<group>"; };
		4668ED652C561A2100B7FBF1 /* MapboxQuery.swift */ = {isa = PBXFileReference; lastKnownFileType = sourcecode.swift; path = MapboxQuery.swift; sourceTree = "<group>"; };
		4668ED692C5623F300B7FBF1 /* WeatherQuery.swift */ = {isa = PBXFileReference; lastKnownFileType = sourcecode.swift; path = WeatherQuery.swift; sourceTree = "<group>"; };
		4668ED6C2C56334A00B7FBF1 /* NetworkState.swift */ = {isa = PBXFileReference; lastKnownFileType = sourcecode.swift; path = NetworkState.swift; sourceTree = "<group>"; };
		4668ED6F2C56380200B7FBF1 /* NetworkRequestService.swift */ = {isa = PBXFileReference; lastKnownFileType = sourcecode.swift; path = NetworkRequestService.swift; sourceTree = "<group>"; };
		4668ED712C56398D00B7FBF1 /* Parameterizable.swift */ = {isa = PBXFileReference; lastKnownFileType = sourcecode.swift; path = Parameterizable.swift; sourceTree = "<group>"; };
		466BCED62C60E79E00FAD105 /* CitySearchViewController.swift */ = {isa = PBXFileReference; lastKnownFileType = sourcecode.swift; path = CitySearchViewController.swift; sourceTree = "<group>"; };
		466C453F2C535A0000777A69 /* True Weather.app */ = {isa = PBXFileReference; explicitFileType = wrapper.application; includeInIndex = 0; path = "True Weather.app"; sourceTree = BUILT_PRODUCTS_DIR; };
		466C45422C535A0000777A69 /* AppDelegate.swift */ = {isa = PBXFileReference; lastKnownFileType = sourcecode.swift; path = AppDelegate.swift; sourceTree = "<group>"; };
		466C45442C535A0000777A69 /* SceneDelegate.swift */ = {isa = PBXFileReference; lastKnownFileType = sourcecode.swift; path = SceneDelegate.swift; sourceTree = "<group>"; };
		466C45462C535A0000777A69 /* WeatherViewController.swift */ = {isa = PBXFileReference; lastKnownFileType = sourcecode.swift; path = WeatherViewController.swift; sourceTree = "<group>"; };
		466C45492C535A0000777A69 /* Base */ = {isa = PBXFileReference; lastKnownFileType = file.storyboard; name = Base; path = Base.lproj/Main.storyboard; sourceTree = "<group>"; };
		466C454B2C535A0200777A69 /* Assets.xcassets */ = {isa = PBXFileReference; lastKnownFileType = folder.assetcatalog; path = Assets.xcassets; sourceTree = "<group>"; };
		466C454E2C535A0200777A69 /* Base */ = {isa = PBXFileReference; lastKnownFileType = file.storyboard; name = Base; path = Base.lproj/LaunchScreen.storyboard; sourceTree = "<group>"; };
		466C45502C535A0200777A69 /* Info.plist */ = {isa = PBXFileReference; lastKnownFileType = text.plist.xml; name = Info.plist; path = "Supporting Files/Info.plist"; sourceTree = "<group>"; };
		466C456C2C53963000777A69 /* CityItem.swift */ = {isa = PBXFileReference; lastKnownFileType = sourcecode.swift; path = CityItem.swift; sourceTree = "<group>"; };
		466C456E2C53969F00777A69 /* DailyWeatherItem.swift */ = {isa = PBXFileReference; lastKnownFileType = sourcecode.swift; path = DailyWeatherItem.swift; sourceTree = "<group>"; };
		466C45702C53983900777A69 /* HourlyWeatherItem.swift */ = {isa = PBXFileReference; lastKnownFileType = sourcecode.swift; path = HourlyWeatherItem.swift; sourceTree = "<group>"; };
		466C45732C539D8000777A69 /* CityData.swift */ = {isa = PBXFileReference; lastKnownFileType = sourcecode.swift; path = CityData.swift; sourceTree = "<group>"; };
		466C45792C53A31700777A69 /* HourlyWeatherData.swift */ = {isa = PBXFileReference; lastKnownFileType = sourcecode.swift; path = HourlyWeatherData.swift; sourceTree = "<group>"; };
		466C457B2C53A9DB00777A69 /* WeatherCondition.swift */ = {isa = PBXFileReference; lastKnownFileType = sourcecode.swift; path = WeatherCondition.swift; sourceTree = "<group>"; };
		466C457D2C53AA9100777A69 /* WeatherResponse.swift */ = {isa = PBXFileReference; lastKnownFileType = sourcecode.swift; path = WeatherResponse.swift; sourceTree = "<group>"; };
		466C457F2C53AB4800777A69 /* ForecastData.swift */ = {isa = PBXFileReference; lastKnownFileType = sourcecode.swift; path = ForecastData.swift; sourceTree = "<group>"; };
		466C45812C53ABD300777A69 /* DailyForecastData.swift */ = {isa = PBXFileReference; lastKnownFileType = sourcecode.swift; path = DailyForecastData.swift; sourceTree = "<group>"; };
		466C45832C53AD3B00777A69 /* DailyWeatherData.swift */ = {isa = PBXFileReference; lastKnownFileType = sourcecode.swift; path = DailyWeatherData.swift; sourceTree = "<group>"; };
		467359B92C5F24B300A98FF5 /* CityService.swift */ = {isa = PBXFileReference; lastKnownFileType = sourcecode.swift; path = CityService.swift; sourceTree = "<group>"; };
		467359BB2C5F599C00A98FF5 /* CityItemCell.swift */ = {isa = PBXFileReference; lastKnownFileType = sourcecode.swift; path = CityItemCell.swift; sourceTree = "<group>"; };
		467359BC2C5F599C00A98FF5 /* CityItemCell.xib */ = {isa = PBXFileReference; lastKnownFileType = file.xib; path = CityItemCell.xib; sourceTree = "<group>"; };
		467359BF2C5F59CB00A98FF5 /* CityPageCell.swift */ = {isa = PBXFileReference; lastKnownFileType = sourcecode.swift; path = CityPageCell.swift; sourceTree = "<group>"; };
		467359C02C5F59CB00A98FF5 /* CityPageCell.xib */ = {isa = PBXFileReference; lastKnownFileType = file.xib; path = CityPageCell.xib; sourceTree = "<group>"; };
		467359D02C5F74A900A98FF5 /* HourlyWeatherCell.swift */ = {isa = PBXFileReference; lastKnownFileType = sourcecode.swift; path = HourlyWeatherCell.swift; sourceTree = "<group>"; };
		467359D12C5F74A900A98FF5 /* HourlyWeatherCell.xib */ = {isa = PBXFileReference; lastKnownFileType = file.xib; path = HourlyWeatherCell.xib; sourceTree = "<group>"; };
		467359D62C5F7CCB00A98FF5 /* DailyWeatherCell.swift */ = {isa = PBXFileReference; lastKnownFileType = sourcecode.swift; path = DailyWeatherCell.swift; sourceTree = "<group>"; };
		467359D72C5F7CCB00A98FF5 /* DailyWeatherCell.xib */ = {isa = PBXFileReference; lastKnownFileType = file.xib; path = DailyWeatherCell.xib; sourceTree = "<group>"; };
		46737B142C610E9500801AF6 /* CollectionViewTableViewCell.swift */ = {isa = PBXFileReference; lastKnownFileType = sourcecode.swift; path = CollectionViewTableViewCell.swift; sourceTree = "<group>"; };
		46737B152C610E9500801AF6 /* CollectionViewTableViewCell.xib */ = {isa = PBXFileReference; lastKnownFileType = file.xib; path = CollectionViewTableViewCell.xib; sourceTree = "<group>"; };
		46737B182C61103200801AF6 /* HeaderTableViewCell.swift */ = {isa = PBXFileReference; lastKnownFileType = sourcecode.swift; path = HeaderTableViewCell.swift; sourceTree = "<group>"; };
		46737B192C61103200801AF6 /* HeaderTableViewCell.xib */ = {isa = PBXFileReference; lastKnownFileType = file.xib; path = HeaderTableViewCell.xib; sourceTree = "<group>"; };
/* End PBXFileReference section */

/* Begin PBXFrameworksBuildPhase section */
		466C453C2C535A0000777A69 /* Frameworks */ = {
			isa = PBXFrameworksBuildPhase;
			buildActionMask = 2147483647;
			files = (
				466C455B2C535B7700777A69 /* RealmSwift in Frameworks */,
				466C45582C535AF200777A69 /* Alamofire in Frameworks */,
			);
			runOnlyForDeploymentPostprocessing = 0;
		};
/* End PBXFrameworksBuildPhase section */

/* Begin PBXGroup section */
		4668ED522C55E4DC00B7FBF1 /* mapbox */ = {
			isa = PBXGroup;
			children = (
				4668ED532C55E53600B7FBF1 /* CitySuggestion.swift */,
				4668ED552C55E60D00B7FBF1 /* PlaceData.swift */,
				4668ED572C55E69000B7FBF1 /* CountryData.swift */,
				4668ED592C55E6D700B7FBF1 /* SearchResponse.swift */,
			);
			path = mapbox;
			sourceTree = "<group>";
		};
		4668ED672C561A4200B7FBF1 /* RequestParameters */ = {
			isa = PBXGroup;
			children = (
				4668ED652C561A2100B7FBF1 /* MapboxQuery.swift */,
				4668ED692C5623F300B7FBF1 /* WeatherQuery.swift */,
			);
			path = RequestParameters;
			sourceTree = "<group>";
		};
		4668ED6B2C56333300B7FBF1 /* Utility */ = {
			isa = PBXGroup;
			children = (
				4668ED612C56084300B7FBF1 /* WeatherAPIRouter.swift */,
				4668ED632C56186500B7FBF1 /* MapboxAPIRouter.swift */,
				4668ED6C2C56334A00B7FBF1 /* NetworkState.swift */,
				4668ED712C56398D00B7FBF1 /* Parameterizable.swift */,
				4663700F2C58FC6F00DC10D9 /* WeatherMapper.swift */,
				466370112C58FC9500DC10D9 /* CityMapper.swift */,
				46102F562C5B666900CFA20F /* DatabaseManager.swift */,
			);
			path = Utility;
			sourceTree = "<group>";
		};
		466C45362C535A0000777A69 = {
			isa = PBXGroup;
			children = (
				466C45412C535A0000777A69 /* True Weather */,
				466C45402C535A0000777A69 /* Products */,
			);
			sourceTree = "<group>";
		};
		466C45402C535A0000777A69 /* Products */ = {
			isa = PBXGroup;
			children = (
				466C453F2C535A0000777A69 /* True Weather.app */,
			);
			name = Products;
			sourceTree = "<group>";
		};
		466C45412C535A0000777A69 /* True Weather */ = {
			isa = PBXGroup;
			children = (
				466C45602C53933A00777A69 /* Data */,
				466C455F2C53933300777A69 /* Domain */,
				466C455E2C53931A00777A69 /* Configuration */,
				466C455D2C5392D600777A69 /* Presentation */,
				466C455C2C5392BA00777A69 /* Supporting Files */,
				466C45502C535A0200777A69 /* Info.plist */,
			);
			path = "True Weather";
			sourceTree = "<group>";
		};
		466C455C2C5392BA00777A69 /* Supporting Files */ = {
			isa = PBXGroup;
			children = (
				466C454B2C535A0200777A69 /* Assets.xcassets */,
				4668ED5F2C5606DC00B7FBF1 /* APIKeys.swift */,
			);
			path = "Supporting Files";
			sourceTree = "<group>";
		};
		466C455D2C5392D600777A69 /* Presentation */ = {
			isa = PBXGroup;
			children = (
				466C45642C53937500777A69 /* Controller */,
				466C45632C53936A00777A69 /* View */,
			);
			path = Presentation;
			sourceTree = "<group>";
		};
		466C455E2C53931A00777A69 /* Configuration */ = {
			isa = PBXGroup;
			children = (
				466C45422C535A0000777A69 /* AppDelegate.swift */,
				466C45442C535A0000777A69 /* SceneDelegate.swift */,
			);
			path = Configuration;
			sourceTree = "<group>";
		};
		466C455F2C53933300777A69 /* Domain */ = {
			isa = PBXGroup;
			children = (
				466C45622C53934D00777A69 /* Utility */,
				466C45612C53934600777A69 /* ViewModel */,
			);
			path = Domain;
			sourceTree = "<group>";
		};
		466C45602C53933A00777A69 /* Data */ = {
			isa = PBXGroup;
			children = (
				4668ED6B2C56333300B7FBF1 /* Utility */,
				466C45662C53938F00777A69 /* Service */,
				466C45652C53938800777A69 /* Model */,
			);
			path = Data;
			sourceTree = "<group>";
		};
		466C45612C53934600777A69 /* ViewModel */ = {
			isa = PBXGroup;
			children = (
			);
			path = ViewModel;
			sourceTree = "<group>";
		};
		466C45622C53934D00777A69 /* Utility */ = {
			isa = PBXGroup;
			children = (
				4668ED5D2C56067800B7FBF1 /* Constants.swift */,
			);
			path = Utility;
			sourceTree = "<group>";
		};
		466C45632C53936A00777A69 /* View */ = {
			isa = PBXGroup;
			children = (
				466C45482C535A0000777A69 /* Main.storyboard */,
				466C454D2C535A0200777A69 /* LaunchScreen.storyboard */,
				467359BB2C5F599C00A98FF5 /* CityItemCell.swift */,
				467359BC2C5F599C00A98FF5 /* CityItemCell.xib */,
				467359BF2C5F59CB00A98FF5 /* CityPageCell.swift */,
				467359C02C5F59CB00A98FF5 /* CityPageCell.xib */,
				467359D02C5F74A900A98FF5 /* HourlyWeatherCell.swift */,
				467359D12C5F74A900A98FF5 /* HourlyWeatherCell.xib */,
				467359D62C5F7CCB00A98FF5 /* DailyWeatherCell.swift */,
				467359D72C5F7CCB00A98FF5 /* DailyWeatherCell.xib */,
				46737B142C610E9500801AF6 /* CollectionViewTableViewCell.swift */,
				46737B152C610E9500801AF6 /* CollectionViewTableViewCell.xib */,
				46737B182C61103200801AF6 /* HeaderTableViewCell.swift */,
				46737B192C61103200801AF6 /* HeaderTableViewCell.xib */,
			);
			path = View;
			sourceTree = "<group>";
		};
		466C45642C53937500777A69 /* Controller */ = {
			isa = PBXGroup;
			children = (
				466C45462C535A0000777A69 /* WeatherViewController.swift */,
				4663700D2C58F47100DC10D9 /* CityViewController.swift */,
				466BCED62C60E79E00FAD105 /* CitySearchViewController.swift */,
			);
			path = Controller;
			sourceTree = "<group>";
		};
		466C45652C53938800777A69 /* Model */ = {
			isa = PBXGroup;
			children = (
				4668ED672C561A4200B7FBF1 /* RequestParameters */,
				466C456B2C5395DC00777A69 /* Local */,
				466C456A2C53959700777A69 /* Response */,
			);
			path = Model;
			sourceTree = "<group>";
		};
		466C45662C53938F00777A69 /* Service */ = {
			isa = PBXGroup;
			children = (
				4668ED5B2C55FE1500B7FBF1 /* WeatherService.swift */,
				4668ED6F2C56380200B7FBF1 /* NetworkRequestService.swift */,
				467359B92C5F24B300A98FF5 /* CityService.swift */,
			);
			path = Service;
			sourceTree = "<group>";
		};
		466C456A2C53959700777A69 /* Response */ = {
			isa = PBXGroup;
			children = (
				4668ED522C55E4DC00B7FBF1 /* mapbox */,
				466C45722C539D5900777A69 /* weather */,
			);
			path = Response;
			sourceTree = "<group>";
		};
		466C456B2C5395DC00777A69 /* Local */ = {
			isa = PBXGroup;
			children = (
				466C456C2C53963000777A69 /* CityItem.swift */,
				466C456E2C53969F00777A69 /* DailyWeatherItem.swift */,
				466C45702C53983900777A69 /* HourlyWeatherItem.swift */,
			);
			path = Local;
			sourceTree = "<group>";
		};
		466C45722C539D5900777A69 /* weather */ = {
			isa = PBXGroup;
			children = (
				466C45732C539D8000777A69 /* CityData.swift */,
				466C45792C53A31700777A69 /* HourlyWeatherData.swift */,
				466C457B2C53A9DB00777A69 /* WeatherCondition.swift */,
				466C457D2C53AA9100777A69 /* WeatherResponse.swift */,
				466C457F2C53AB4800777A69 /* ForecastData.swift */,
				466C45812C53ABD300777A69 /* DailyForecastData.swift */,
				466C45832C53AD3B00777A69 /* DailyWeatherData.swift */,
			);
			path = weather;
			sourceTree = "<group>";
		};
/* End PBXGroup section */

/* Begin PBXNativeTarget section */
		466C453E2C535A0000777A69 /* True Weather */ = {
			isa = PBXNativeTarget;
			buildConfigurationList = 466C45532C535A0200777A69 /* Build configuration list for PBXNativeTarget "True Weather" */;
			buildPhases = (
				466C453B2C535A0000777A69 /* Sources */,
				466C453C2C535A0000777A69 /* Frameworks */,
				466C453D2C535A0000777A69 /* Resources */,
				4668ED6E2C56343400B7FBF1 /* ShellScript */,
			);
			buildRules = (
			);
			dependencies = (
			);
			name = "True Weather";
			packageProductDependencies = (
				466C45572C535AF200777A69 /* Alamofire */,
				466C455A2C535B7700777A69 /* RealmSwift */,
			);
			productName = "True Weather";
			productReference = 466C453F2C535A0000777A69 /* True Weather.app */;
			productType = "com.apple.product-type.application";
		};
/* End PBXNativeTarget section */

/* Begin PBXProject section */
		466C45372C535A0000777A69 /* Project object */ = {
			isa = PBXProject;
			attributes = {
				BuildIndependentTargetsInParallel = 1;
				LastSwiftUpdateCheck = 1540;
				LastUpgradeCheck = 1540;
				TargetAttributes = {
					466C453E2C535A0000777A69 = {
						CreatedOnToolsVersion = 15.4;
					};
				};
			};
			buildConfigurationList = 466C453A2C535A0000777A69 /* Build configuration list for PBXProject "True Weather" */;
			compatibilityVersion = "Xcode 15.3";
			developmentRegion = en;
			hasScannedForEncodings = 0;
			knownRegions = (
				en,
				Base,
			);
			mainGroup = 466C45362C535A0000777A69;
			packageReferences = (
				466C45562C535AF200777A69 /* XCRemoteSwiftPackageReference "Alamofire" */,
				466C45592C535B7700777A69 /* XCRemoteSwiftPackageReference "realm-swift" */,
			);
			productRefGroup = 466C45402C535A0000777A69 /* Products */;
			projectDirPath = "";
			projectRoot = "";
			targets = (
				466C453E2C535A0000777A69 /* True Weather */,
			);
		};
/* End PBXProject section */

/* Begin PBXResourcesBuildPhase section */
		466C453D2C535A0000777A69 /* Resources */ = {
			isa = PBXResourcesBuildPhase;
			buildActionMask = 2147483647;
			files = (
				466C454C2C535A0200777A69 /* Assets.xcassets in Resources */,
				46737B1B2C61103200801AF6 /* HeaderTableViewCell.xib in Resources */,
				466C454F2C535A0200777A69 /* Base in Resources */,
				46737B172C610E9500801AF6 /* CollectionViewTableViewCell.xib in Resources */,
				467359D92C5F7CCB00A98FF5 /* DailyWeatherCell.xib in Resources */,
				467359D32C5F74A900A98FF5 /* HourlyWeatherCell.xib in Resources */,
				466C454A2C535A0000777A69 /* Base in Resources */,
				467359BE2C5F599C00A98FF5 /* CityItemCell.xib in Resources */,
				467359C22C5F59CB00A98FF5 /* CityPageCell.xib in Resources */,
			);
			runOnlyForDeploymentPostprocessing = 0;
		};
/* End PBXResourcesBuildPhase section */

/* Begin PBXShellScriptBuildPhase section */
		4668ED6E2C56343400B7FBF1 /* ShellScript */ = {
			isa = PBXShellScriptBuildPhase;
			alwaysOutOfDate = 1;
			buildActionMask = 2147483647;
			files = (
			);
			inputFileListPaths = (
			);
			inputPaths = (
			);
			outputFileListPaths = (
			);
			outputPaths = (
			);
			runOnlyForDeploymentPostprocessing = 0;
			shellPath = /bin/sh;
			shellScript = "if [[ \"$(uname -m)\" == arm64 ]]; then\n    export PATH=\"/opt/homebrew/bin:$PATH\"\nfi\n\nif which swiftlint > /dev/null; then\n  swiftlint\nelse\n  echo \"warning: SwiftLint not installed, download from https://github.com/realm/SwiftLint\"\nfi\n";
			showEnvVarsInLog = 0;
		};
/* End PBXShellScriptBuildPhase section */

/* Begin PBXSourcesBuildPhase section */
		466C453B2C535A0000777A69 /* Sources */ = {
			isa = PBXSourcesBuildPhase;
			buildActionMask = 2147483647;
			files = (
				4668ED542C55E53600B7FBF1 /* CitySuggestion.swift in Sources */,
				4668ED662C561A2100B7FBF1 /* MapboxQuery.swift in Sources */,
				467359D22C5F74A900A98FF5 /* HourlyWeatherCell.swift in Sources */,
				4668ED5E2C56067800B7FBF1 /* Constants.swift in Sources */,
				4668ED6A2C5623F300B7FBF1 /* WeatherQuery.swift in Sources */,
				467359BD2C5F599C00A98FF5 /* CityItemCell.swift in Sources */,
				4668ED6D2C56334A00B7FBF1 /* NetworkState.swift in Sources */,
				46737B1A2C61103200801AF6 /* HeaderTableViewCell.swift in Sources */,
				466C45712C53983900777A69 /* HourlyWeatherItem.swift in Sources */,
				4668ED5C2C55FE1500B7FBF1 /* WeatherService.swift in Sources */,
				466C45742C539D8000777A69 /* CityData.swift in Sources */,
				466C457A2C53A31700777A69 /* HourlyWeatherData.swift in Sources */,
				466BCED72C60E79E00FAD105 /* CitySearchViewController.swift in Sources */,
				4668ED602C5606DC00B7FBF1 /* APIKeys.swift in Sources */,
				4668ED622C56084300B7FBF1 /* WeatherAPIRouter.swift in Sources */,
				466C457C2C53A9DB00777A69 /* WeatherCondition.swift in Sources */,
				4668ED722C56398D00B7FBF1 /* Parameterizable.swift in Sources */,
				46737B162C610E9500801AF6 /* CollectionViewTableViewCell.swift in Sources */,
				4668ED702C56380200B7FBF1 /* NetworkRequestService.swift in Sources */,
				4668ED582C55E69000B7FBF1 /* CountryData.swift in Sources */,
				466C45842C53AD3B00777A69 /* DailyWeatherData.swift in Sources */,
				466C45472C535A0000777A69 /* WeatherViewController.swift in Sources */,
				466C45802C53AB4800777A69 /* ForecastData.swift in Sources */,
				466C45822C53ABD300777A69 /* DailyForecastData.swift in Sources */,
				4668ED642C56186500B7FBF1 /* MapboxAPIRouter.swift in Sources */,
				466C456D2C53963000777A69 /* CityItem.swift in Sources */,
				466C45432C535A0000777A69 /* AppDelegate.swift in Sources */,
				467359BA2C5F24B300A98FF5 /* CityService.swift in Sources */,
				466370102C58FC6F00DC10D9 /* WeatherMapper.swift in Sources */,
				4668ED5A2C55E6D700B7FBF1 /* SearchResponse.swift in Sources */,
				466370122C58FC9500DC10D9 /* CityMapper.swift in Sources */,
				466C457E2C53AA9100777A69 /* WeatherResponse.swift in Sources */,
				4663700E2C58F47100DC10D9 /* CityViewController.swift in Sources */,
				46102F572C5B666900CFA20F /* DatabaseManager.swift in Sources */,
				4668ED562C55E60D00B7FBF1 /* PlaceData.swift in Sources */,
				467359D82C5F7CCB00A98FF5 /* DailyWeatherCell.swift in Sources */,
				466C456F2C53969F00777A69 /* DailyWeatherItem.swift in Sources */,
				466C45452C535A0000777A69 /* SceneDelegate.swift in Sources */,
				467359C12C5F59CB00A98FF5 /* CityPageCell.swift in Sources */,
			);
			runOnlyForDeploymentPostprocessing = 0;
		};
/* End PBXSourcesBuildPhase section */

/* Begin PBXVariantGroup section */
		466C45482C535A0000777A69 /* Main.storyboard */ = {
			isa = PBXVariantGroup;
			children = (
				466C45492C535A0000777A69 /* Base */,
			);
			name = Main.storyboard;
			sourceTree = "<group>";
		};
		466C454D2C535A0200777A69 /* LaunchScreen.storyboard */ = {
			isa = PBXVariantGroup;
			children = (
				466C454E2C535A0200777A69 /* Base */,
			);
			name = LaunchScreen.storyboard;
			sourceTree = "<group>";
		};
/* End PBXVariantGroup section */

/* Begin XCBuildConfiguration section */
		466C45512C535A0200777A69 /* Debug */ = {
			isa = XCBuildConfiguration;
			buildSettings = {
				ALWAYS_SEARCH_USER_PATHS = NO;
				ASSETCATALOG_COMPILER_GENERATE_SWIFT_ASSET_SYMBOL_EXTENSIONS = YES;
				CLANG_ANALYZER_NONNULL = YES;
				CLANG_ANALYZER_NUMBER_OBJECT_CONVERSION = YES_AGGRESSIVE;
				CLANG_CXX_LANGUAGE_STANDARD = "gnu++20";
				CLANG_ENABLE_MODULES = YES;
				CLANG_ENABLE_OBJC_ARC = YES;
				CLANG_ENABLE_OBJC_WEAK = YES;
				CLANG_WARN_BLOCK_CAPTURE_AUTORELEASING = YES;
				CLANG_WARN_BOOL_CONVERSION = YES;
				CLANG_WARN_COMMA = YES;
				CLANG_WARN_CONSTANT_CONVERSION = YES;
				CLANG_WARN_DEPRECATED_OBJC_IMPLEMENTATIONS = YES;
				CLANG_WARN_DIRECT_OBJC_ISA_USAGE = YES_ERROR;
				CLANG_WARN_DOCUMENTATION_COMMENTS = YES;
				CLANG_WARN_EMPTY_BODY = YES;
				CLANG_WARN_ENUM_CONVERSION = YES;
				CLANG_WARN_INFINITE_RECURSION = YES;
				CLANG_WARN_INT_CONVERSION = YES;
				CLANG_WARN_NON_LITERAL_NULL_CONVERSION = YES;
				CLANG_WARN_OBJC_IMPLICIT_RETAIN_SELF = YES;
				CLANG_WARN_OBJC_LITERAL_CONVERSION = YES;
				CLANG_WARN_OBJC_ROOT_CLASS = YES_ERROR;
				CLANG_WARN_QUOTED_INCLUDE_IN_FRAMEWORK_HEADER = YES;
				CLANG_WARN_RANGE_LOOP_ANALYSIS = YES;
				CLANG_WARN_STRICT_PROTOTYPES = YES;
				CLANG_WARN_SUSPICIOUS_MOVE = YES;
				CLANG_WARN_UNGUARDED_AVAILABILITY = YES_AGGRESSIVE;
				CLANG_WARN_UNREACHABLE_CODE = YES;
				CLANG_WARN__DUPLICATE_METHOD_MATCH = YES;
				COPY_PHASE_STRIP = NO;
				DEBUG_INFORMATION_FORMAT = dwarf;
				ENABLE_STRICT_OBJC_MSGSEND = YES;
				ENABLE_TESTABILITY = YES;
				ENABLE_USER_SCRIPT_SANDBOXING = YES;
				GCC_C_LANGUAGE_STANDARD = gnu17;
				GCC_DYNAMIC_NO_PIC = NO;
				GCC_NO_COMMON_BLOCKS = YES;
				GCC_OPTIMIZATION_LEVEL = 0;
				GCC_PREPROCESSOR_DEFINITIONS = (
					"DEBUG=1",
					"$(inherited)",
				);
				GCC_WARN_64_TO_32_BIT_CONVERSION = YES;
				GCC_WARN_ABOUT_RETURN_TYPE = YES_ERROR;
				GCC_WARN_UNDECLARED_SELECTOR = YES;
				GCC_WARN_UNINITIALIZED_AUTOS = YES_AGGRESSIVE;
				GCC_WARN_UNUSED_FUNCTION = YES;
				GCC_WARN_UNUSED_VARIABLE = YES;
				IPHONEOS_DEPLOYMENT_TARGET = 15.6;
				LOCALIZATION_PREFERS_STRING_CATALOGS = YES;
				MTL_ENABLE_DEBUG_INFO = INCLUDE_SOURCE;
				MTL_FAST_MATH = YES;
				ONLY_ACTIVE_ARCH = YES;
				SDKROOT = iphoneos;
				SWIFT_ACTIVE_COMPILATION_CONDITIONS = "DEBUG $(inherited)";
				SWIFT_OPTIMIZATION_LEVEL = "-Onone";
			};
			name = Debug;
		};
		466C45522C535A0200777A69 /* Release */ = {
			isa = XCBuildConfiguration;
			buildSettings = {
				ALWAYS_SEARCH_USER_PATHS = NO;
				ASSETCATALOG_COMPILER_GENERATE_SWIFT_ASSET_SYMBOL_EXTENSIONS = YES;
				CLANG_ANALYZER_NONNULL = YES;
				CLANG_ANALYZER_NUMBER_OBJECT_CONVERSION = YES_AGGRESSIVE;
				CLANG_CXX_LANGUAGE_STANDARD = "gnu++20";
				CLANG_ENABLE_MODULES = YES;
				CLANG_ENABLE_OBJC_ARC = YES;
				CLANG_ENABLE_OBJC_WEAK = YES;
				CLANG_WARN_BLOCK_CAPTURE_AUTORELEASING = YES;
				CLANG_WARN_BOOL_CONVERSION = YES;
				CLANG_WARN_COMMA = YES;
				CLANG_WARN_CONSTANT_CONVERSION = YES;
				CLANG_WARN_DEPRECATED_OBJC_IMPLEMENTATIONS = YES;
				CLANG_WARN_DIRECT_OBJC_ISA_USAGE = YES_ERROR;
				CLANG_WARN_DOCUMENTATION_COMMENTS = YES;
				CLANG_WARN_EMPTY_BODY = YES;
				CLANG_WARN_ENUM_CONVERSION = YES;
				CLANG_WARN_INFINITE_RECURSION = YES;
				CLANG_WARN_INT_CONVERSION = YES;
				CLANG_WARN_NON_LITERAL_NULL_CONVERSION = YES;
				CLANG_WARN_OBJC_IMPLICIT_RETAIN_SELF = YES;
				CLANG_WARN_OBJC_LITERAL_CONVERSION = YES;
				CLANG_WARN_OBJC_ROOT_CLASS = YES_ERROR;
				CLANG_WARN_QUOTED_INCLUDE_IN_FRAMEWORK_HEADER = YES;
				CLANG_WARN_RANGE_LOOP_ANALYSIS = YES;
				CLANG_WARN_STRICT_PROTOTYPES = YES;
				CLANG_WARN_SUSPICIOUS_MOVE = YES;
				CLANG_WARN_UNGUARDED_AVAILABILITY = YES_AGGRESSIVE;
				CLANG_WARN_UNREACHABLE_CODE = YES;
				CLANG_WARN__DUPLICATE_METHOD_MATCH = YES;
				COPY_PHASE_STRIP = NO;
				DEBUG_INFORMATION_FORMAT = "dwarf-with-dsym";
				ENABLE_NS_ASSERTIONS = NO;
				ENABLE_STRICT_OBJC_MSGSEND = YES;
				ENABLE_USER_SCRIPT_SANDBOXING = YES;
				GCC_C_LANGUAGE_STANDARD = gnu17;
				GCC_NO_COMMON_BLOCKS = YES;
				GCC_WARN_64_TO_32_BIT_CONVERSION = YES;
				GCC_WARN_ABOUT_RETURN_TYPE = YES_ERROR;
				GCC_WARN_UNDECLARED_SELECTOR = YES;
				GCC_WARN_UNINITIALIZED_AUTOS = YES_AGGRESSIVE;
				GCC_WARN_UNUSED_FUNCTION = YES;
				GCC_WARN_UNUSED_VARIABLE = YES;
				IPHONEOS_DEPLOYMENT_TARGET = 15.6;
				LOCALIZATION_PREFERS_STRING_CATALOGS = YES;
				MTL_ENABLE_DEBUG_INFO = NO;
				MTL_FAST_MATH = YES;
				SDKROOT = iphoneos;
				SWIFT_COMPILATION_MODE = wholemodule;
				VALIDATE_PRODUCT = YES;
			};
			name = Release;
		};
		466C45542C535A0200777A69 /* Debug */ = {
			isa = XCBuildConfiguration;
			buildSettings = {
				ASSETCATALOG_COMPILER_APPICON_NAME = AppIcon;
				ASSETCATALOG_COMPILER_GLOBAL_ACCENT_COLOR_NAME = AccentColor;
				CODE_SIGN_STYLE = Automatic;
				CURRENT_PROJECT_VERSION = 1;
				DEVELOPMENT_TEAM = 8WUJ75LDW7;
				ENABLE_USER_SCRIPT_SANDBOXING = NO;
				GENERATE_INFOPLIST_FILE = YES;
				INFOPLIST_FILE = "True Weather/Info.plist";
				INFOPLIST_KEY_CFBundleDisplayName = "True Weather";
				INFOPLIST_KEY_UIApplicationSupportsIndirectInputEvents = YES;
				INFOPLIST_KEY_UILaunchStoryboardName = LaunchScreen;
				INFOPLIST_KEY_UIMainStoryboardFile = Main;
				INFOPLIST_KEY_UISupportedInterfaceOrientations = UIInterfaceOrientationPortrait;
				IPHONEOS_DEPLOYMENT_TARGET = 15.6;
				LD_RUNPATH_SEARCH_PATHS = (
					"$(inherited)",
					"@executable_path/Frameworks",
				);
				MARKETING_VERSION = 1.0;
				PRODUCT_BUNDLE_IDENTIFIER = "com.rektstudios.True-Weather";
				PRODUCT_NAME = "$(TARGET_NAME)";
				SWIFT_EMIT_LOC_STRINGS = YES;
				SWIFT_VERSION = 5.0;
				TARGETED_DEVICE_FAMILY = "1,2";
			};
			name = Debug;
		};
		466C45552C535A0200777A69 /* Release */ = {
			isa = XCBuildConfiguration;
			buildSettings = {
				ASSETCATALOG_COMPILER_APPICON_NAME = AppIcon;
				ASSETCATALOG_COMPILER_GLOBAL_ACCENT_COLOR_NAME = AccentColor;
				CODE_SIGN_STYLE = Automatic;
				CURRENT_PROJECT_VERSION = 1;
				DEVELOPMENT_TEAM = 8WUJ75LDW7;
				ENABLE_USER_SCRIPT_SANDBOXING = NO;
				GENERATE_INFOPLIST_FILE = YES;
				INFOPLIST_FILE = "True Weather/Info.plist";
				INFOPLIST_KEY_CFBundleDisplayName = "True Weather";
				INFOPLIST_KEY_UIApplicationSupportsIndirectInputEvents = YES;
				INFOPLIST_KEY_UILaunchStoryboardName = LaunchScreen;
				INFOPLIST_KEY_UIMainStoryboardFile = Main;
				INFOPLIST_KEY_UISupportedInterfaceOrientations = UIInterfaceOrientationPortrait;
				IPHONEOS_DEPLOYMENT_TARGET = 15.6;
				LD_RUNPATH_SEARCH_PATHS = (
					"$(inherited)",
					"@executable_path/Frameworks",
				);
				MARKETING_VERSION = 1.0;
				PRODUCT_BUNDLE_IDENTIFIER = "com.rektstudios.True-Weather";
				PRODUCT_NAME = "$(TARGET_NAME)";
				SWIFT_EMIT_LOC_STRINGS = YES;
				SWIFT_VERSION = 5.0;
				TARGETED_DEVICE_FAMILY = "1,2";
			};
			name = Release;
		};
/* End XCBuildConfiguration section */

/* Begin XCConfigurationList section */
		466C453A2C535A0000777A69 /* Build configuration list for PBXProject "True Weather" */ = {
			isa = XCConfigurationList;
			buildConfigurations = (
				466C45512C535A0200777A69 /* Debug */,
				466C45522C535A0200777A69 /* Release */,
			);
			defaultConfigurationIsVisible = 0;
			defaultConfigurationName = Release;
		};
		466C45532C535A0200777A69 /* Build configuration list for PBXNativeTarget "True Weather" */ = {
			isa = XCConfigurationList;
			buildConfigurations = (
				466C45542C535A0200777A69 /* Debug */,
				466C45552C535A0200777A69 /* Release */,
			);
			defaultConfigurationIsVisible = 0;
			defaultConfigurationName = Release;
		};
/* End XCConfigurationList section */

/* Begin XCRemoteSwiftPackageReference section */
		466C45562C535AF200777A69 /* XCRemoteSwiftPackageReference "Alamofire" */ = {
			isa = XCRemoteSwiftPackageReference;
			repositoryURL = "https://github.com/Alamofire/Alamofire.git";
			requirement = {
				kind = upToNextMajorVersion;
				minimumVersion = 5.9.1;
			};
		};
		466C45592C535B7700777A69 /* XCRemoteSwiftPackageReference "realm-swift" */ = {
			isa = XCRemoteSwiftPackageReference;
			repositoryURL = "https://github.com/realm/realm-swift.git";
			requirement = {
				branch = master;
				kind = branch;
			};
		};
/* End XCRemoteSwiftPackageReference section */

/* Begin XCSwiftPackageProductDependency section */
		466C45572C535AF200777A69 /* Alamofire */ = {
			isa = XCSwiftPackageProductDependency;
			package = 466C45562C535AF200777A69 /* XCRemoteSwiftPackageReference "Alamofire" */;
			productName = Alamofire;
		};
		466C455A2C535B7700777A69 /* RealmSwift */ = {
			isa = XCSwiftPackageProductDependency;
			package = 466C45592C535B7700777A69 /* XCRemoteSwiftPackageReference "realm-swift" */;
			productName = RealmSwift;
		};
/* End XCSwiftPackageProductDependency section */
	};
	rootObject = 466C45372C535A0000777A69 /* Project object */;
}
